
Microsoft Visual Studio Solution File, Format Version 12.00
# Visual Studio Version 16
VisualStudioVersion = 16.0.31205.134
MinimumVisualStudioVersion = 10.0.40219.1
Project("{FAE04EC0-301F-11D3-BF4B-00C04F79EFBC}") = "MineSweeper", "MineSweeper\MineSweeper.csproj", "{A6A06A05-9459-4A53-9B0C-90F31E02B3BA}"
EndProject
Global
	GlobalSection(SolutionConfigurationPlatforms) = preSolution
		Debug|Any CPU = Debug|Any CPU
		Release|Any CPU = Release|Any CPU
	EndGlobalSection
	GlobalSection(ProjectConfigurationPlatforms) = postSolution
		{A6A06A05-9459-4A53-9B0C-90F31E02B3BA}.Debug|Any CPU.ActiveCfg = Debug|Any CPU
		{A6A06A05-9459-4A53-9B0C-90F31E02B3BA}.Debug|Any CPU.Build.0 = Debug|Any CPU
		{A6A06A05-9459-4A53-9B0C-90F31E02B3BA}.Release|Any CPU.ActiveCfg = Release|Any CPU
		{A6A06A05-9459-4A53-9B0C-90F31E02B3BA}.Release|Any CPU.Build.0 = Release|Any CPU
	EndGlobalSection
	GlobalSection(SolutionProperties) = preSolution
		HideSolutionNode = FALSE
	EndGlobalSection
	GlobalSection(ExtensibilityGlobals) = postSolution
		SolutionGuid = {B3BA1B56-DE0A-4F93-9E92-C08038B3B63B}
	EndGlobalSection
EndGlobal
